
Microsoft Visual Studio Solution File, Format Version 12.00
# Visual Studio Version 17
VisualStudioVersion = 17.2.32602.215
MinimumVisualStudioVersion = 10.0.40219.1
Project("{9A19103F-16F7-4668-BE54-9A1E7A4F7556}") = "AsyncAndSyncExample", "Refactor\AsyncAndSyncExample.csproj", "{C1ECA1D0-3B37-4905-8C2C-D70999E8AFB0}"
EndProject
Global
	GlobalSection(SolutionConfigurationPlatforms) = preSolution
		Debug|Any CPU = Debug|Any CPU
		Release|Any CPU = Release|Any CPU
	EndGlobalSection
	GlobalSection(ProjectConfigurationPlatforms) = postSolution
		{C1ECA1D0-3B37-4905-8C2C-D70999E8AFB0}.Debug|Any CPU.ActiveCfg = Debug|Any CPU
		{C1ECA1D0-3B37-4905-8C2C-D70999E8AFB0}.Debug|Any CPU.Build.0 = Debug|Any CPU
		{C1ECA1D0-3B37-4905-8C2C-D70999E8AFB0}.Release|Any CPU.ActiveCfg = Release|Any CPU
		{C1ECA1D0-3B37-4905-8C2C-D70999E8AFB0}.Release|Any CPU.Build.0 = Release|Any CPU
	EndGlobalSection
	GlobalSection(SolutionProperties) = preSolution
		HideSolutionNode = FALSE
	EndGlobalSection
	GlobalSection(ExtensibilityGlobals) = postSolution
		SolutionGuid = {3682CCA4-DF0E-432A-B1B8-A58821300B9A}
	EndGlobalSection
EndGlobal
